
Microsoft Visual Studio Solution File, Format Version 12.00
# Visual Studio Version 17
VisualStudioVersion = 17.8.34330.188
MinimumVisualStudioVersion = 10.0.40219.1
Project("{FAE04EC0-301F-11D3-BF4B-00C04F79EFBC}") = "ImageResolutionLimiter", "ImageResolutionLimiter\ImageResolutionLimiter.csproj", "{3A74F4BA-3410-4D46-8C00-9C6D94A949E9}"
EndProject
Global
	GlobalSection(SolutionConfigurationPlatforms) = preSolution
		Debug|Any CPU = Debug|Any CPU
		Release|Any CPU = Release|Any CPU
	EndGlobalSection
	GlobalSection(ProjectConfigurationPlatforms) = postSolution
		{3A74F4BA-3410-4D46-8C00-9C6D94A949E9}.Debug|Any CPU.ActiveCfg = Debug|Any CPU
		{3A74F4BA-3410-4D46-8C00-9C6D94A949E9}.Debug|Any CPU.Build.0 = Debug|Any CPU
		{3A74F4BA-3410-4D46-8C00-9C6D94A949E9}.Release|Any CPU.ActiveCfg = Release|Any CPU
		{3A74F4BA-3410-4D46-8C00-9C6D94A949E9}.Release|Any CPU.Build.0 = Release|Any CPU
	EndGlobalSection
	GlobalSection(SolutionProperties) = preSolution
		HideSolutionNode = FALSE
	EndGlobalSection
	GlobalSection(ExtensibilityGlobals) = postSolution
		SolutionGuid = {2CCDBFF7-8EFC-4F97-8163-D3D65055DFC7}
	EndGlobalSection
EndGlobal
